// !$*UTF8*$!
{
	archiveVersion = 1;
	classes = {
	};
	objectVersion = 46;
	objects = {

/* Begin PBXBuildFile section */
		BF160E9A1D5AA98C00C7CB56 /* ImageSerum.h in Headers */ = {isa = PBXBuildFile; fileRef = BF160E991D5AA98C00C7CB56 /* ImageSerum.h */; settings = {ATTRIBUTES = (Public, ); }; };
		BF160EA11D5AA98C00C7CB56 /* ImageSerum.framework in Frameworks */ = {isa = PBXBuildFile; fileRef = BF160E961D5AA98C00C7CB56 /* ImageSerum.framework */; };
		BF30FB5E1D5D1B980078CD80 /* ImageManager.swift in Sources */ = {isa = PBXBuildFile; fileRef = BF30FB5D1D5D1B980078CD80 /* ImageManager.swift */; };
		BF30FB601D5D1BEC0078CD80 /* ImageCache.swift in Sources */ = {isa = PBXBuildFile; fileRef = BF30FB5F1D5D1BEC0078CD80 /* ImageCache.swift */; };
		BF8AE2A21D6B8ACD00016F42 /* DownloadManager.swift in Sources */ = {isa = PBXBuildFile; fileRef = BFF082191D63D46E00EBDCCF /* DownloadManager.swift */; };
		BFF082001D62833600EBDCCF /* CommonCrypto.h in Headers */ = {isa = PBXBuildFile; fileRef = BFF081FF1D62833600EBDCCF /* CommonCrypto.h */; settings = {ATTRIBUTES = (Public, ); }; };
		BFF082091D629BD900EBDCCF /* CommonCrypto.framework in Frameworks */ = {isa = PBXBuildFile; fileRef = BFF081FD1D62833600EBDCCF /* CommonCrypto.framework */; settings = {ATTRIBUTES = (Weak, ); }; };
		BFF082111D62FCC100EBDCCF /* ImageCache.swift in Sources */ = {isa = PBXBuildFile; fileRef = BF30FB5F1D5D1BEC0078CD80 /* ImageCache.swift */; };
		BFF082121D62FCC400EBDCCF /* ImageManager.swift in Sources */ = {isa = PBXBuildFile; fileRef = BF30FB5D1D5D1B980078CD80 /* ImageManager.swift */; };
		BFF082151D63BEEE00EBDCCF /* DownloadQueue.swift in Sources */ = {isa = PBXBuildFile; fileRef = BFF082141D63BEEE00EBDCCF /* DownloadQueue.swift */; };
		BFF082171D63CC2B00EBDCCF /* DownloadQueueTests.swift in Sources */ = {isa = PBXBuildFile; fileRef = BFF082161D63CC2B00EBDCCF /* DownloadQueueTests.swift */; };
		BFF082181D63CC3600EBDCCF /* DownloadQueue.swift in Sources */ = {isa = PBXBuildFile; fileRef = BFF082141D63BEEE00EBDCCF /* DownloadQueue.swift */; };
		BFF0821A1D63D46E00EBDCCF /* DownloadManager.swift in Sources */ = {isa = PBXBuildFile; fileRef = BFF082191D63D46E00EBDCCF /* DownloadManager.swift */; };
/* End PBXBuildFile section */

/* Begin PBXContainerItemProxy section */
		BF160EA21D5AA98C00C7CB56 /* PBXContainerItemProxy */ = {
			isa = PBXContainerItemProxy;
			containerPortal = BF160E8D1D5AA98C00C7CB56 /* Project object */;
			proxyType = 1;
			remoteGlobalIDString = BF160E951D5AA98C00C7CB56;
			remoteInfo = ImageSerum;
		};
		BFF082061D6284C500EBDCCF /* PBXContainerItemProxy */ = {
			isa = PBXContainerItemProxy;
			containerPortal = BF160E8D1D5AA98C00C7CB56 /* Project object */;
			proxyType = 1;
			remoteGlobalIDString = BFF081FC1D62833600EBDCCF;
			remoteInfo = CommonCrypto;
		};
/* End PBXContainerItemProxy section */

/* Begin PBXFileReference section */
		BF160E961D5AA98C00C7CB56 /* ImageSerum.framework */ = {isa = PBXFileReference; explicitFileType = wrapper.framework; includeInIndex = 0; path = ImageSerum.framework; sourceTree = BUILT_PRODUCTS_DIR; };
		BF160E991D5AA98C00C7CB56 /* ImageSerum.h */ = {isa = PBXFileReference; lastKnownFileType = sourcecode.c.h; path = ImageSerum.h; sourceTree = "<group>"; };
		BF160E9B1D5AA98C00C7CB56 /* Info.plist */ = {isa = PBXFileReference; lastKnownFileType = text.plist.xml; path = Info.plist; sourceTree = "<group>"; };
		BF160EA01D5AA98C00C7CB56 /* ImageSerumTests.xctest */ = {isa = PBXFileReference; explicitFileType = wrapper.cfbundle; includeInIndex = 0; path = ImageSerumTests.xctest; sourceTree = BUILT_PRODUCTS_DIR; };
		BF160EA71D5AA98C00C7CB56 /* Info.plist */ = {isa = PBXFileReference; lastKnownFileType = text.plist.xml; path = Info.plist; sourceTree = "<group>"; };
		BF30FB5D1D5D1B980078CD80 /* ImageManager.swift */ = {isa = PBXFileReference; fileEncoding = 4; lastKnownFileType = sourcecode.swift; path = ImageManager.swift; sourceTree = "<group>"; };
		BF30FB5F1D5D1BEC0078CD80 /* ImageCache.swift */ = {isa = PBXFileReference; fileEncoding = 4; lastKnownFileType = sourcecode.swift; path = ImageCache.swift; sourceTree = "<group>"; };
		BFF081F21D62831C00EBDCCF /* com.dollarshaveclub.CommonCrypto.h */ = {isa = PBXFileReference; lastKnownFileType = sourcecode.c.h; path = com.dollarshaveclub.CommonCrypto.h; sourceTree = "<group>"; };
		BFF081F41D62831C00EBDCCF /* Info.plist */ = {isa = PBXFileReference; lastKnownFileType = text.plist.xml; path = Info.plist; sourceTree = "<group>"; };
		BFF081FD1D62833600EBDCCF /* CommonCrypto.framework */ = {isa = PBXFileReference; explicitFileType = wrapper.framework; includeInIndex = 0; path = CommonCrypto.framework; sourceTree = BUILT_PRODUCTS_DIR; };
		BFF081FF1D62833600EBDCCF /* CommonCrypto.h */ = {isa = PBXFileReference; lastKnownFileType = sourcecode.c.h; path = CommonCrypto.h; sourceTree = "<group>"; };
		BFF082011D62833600EBDCCF /* Info.plist */ = {isa = PBXFileReference; lastKnownFileType = text.plist.xml; path = Info.plist; sourceTree = "<group>"; };
		BFF082051D6283E400EBDCCF /* CommonCrypto.xcconfig */ = {isa = PBXFileReference; lastKnownFileType = text.xcconfig; path = CommonCrypto.xcconfig; sourceTree = "<group>"; };
		BFF082141D63BEEE00EBDCCF /* DownloadQueue.swift */ = {isa = PBXFileReference; fileEncoding = 4; lastKnownFileType = sourcecode.swift; path = DownloadQueue.swift; sourceTree = "<group>"; };
		BFF082161D63CC2B00EBDCCF /* DownloadQueueTests.swift */ = {isa = PBXFileReference; fileEncoding = 4; lastKnownFileType = sourcecode.swift; path = DownloadQueueTests.swift; sourceTree = "<group>"; };
		BFF082191D63D46E00EBDCCF /* DownloadManager.swift */ = {isa = PBXFileReference; fileEncoding = 4; lastKnownFileType = sourcecode.swift; path = DownloadManager.swift; sourceTree = "<group>"; };
/* End PBXFileReference section */

/* Begin PBXFrameworksBuildPhase section */
		BF160E921D5AA98C00C7CB56 /* Frameworks */ = {
			isa = PBXFrameworksBuildPhase;
			buildActionMask = 2147483647;
			files = (
				BFF082091D629BD900EBDCCF /* CommonCrypto.framework in Frameworks */,
			);
			runOnlyForDeploymentPostprocessing = 0;
		};
		BF160E9D1D5AA98C00C7CB56 /* Frameworks */ = {
			isa = PBXFrameworksBuildPhase;
			buildActionMask = 2147483647;
			files = (
				BF160EA11D5AA98C00C7CB56 /* ImageSerum.framework in Frameworks */,
			);
			runOnlyForDeploymentPostprocessing = 0;
		};
		BFF081F91D62833600EBDCCF /* Frameworks */ = {
			isa = PBXFrameworksBuildPhase;
			buildActionMask = 2147483647;
			files = (
			);
			runOnlyForDeploymentPostprocessing = 0;
		};
/* End PBXFrameworksBuildPhase section */

/* Begin PBXGroup section */
		BF160E8C1D5AA98C00C7CB56 = {
			isa = PBXGroup;
			children = (
				BF160E981D5AA98C00C7CB56 /* ImageSerum */,
				BF160EA41D5AA98C00C7CB56 /* ImageSerumTests */,
				BFF081F11D62831C00EBDCCF /* com.dollarshaveclub.CommonCrypto */,
				BFF081FE1D62833600EBDCCF /* CommonCrypto */,
				BF160E971D5AA98C00C7CB56 /* Products */,
			);
			sourceTree = "<group>";
		};
		BF160E971D5AA98C00C7CB56 /* Products */ = {
			isa = PBXGroup;
			children = (
				BF160E961D5AA98C00C7CB56 /* ImageSerum.framework */,
				BF160EA01D5AA98C00C7CB56 /* ImageSerumTests.xctest */,
				BFF081FD1D62833600EBDCCF /* CommonCrypto.framework */,
			);
			name = Products;
			sourceTree = "<group>";
		};
		BF160E981D5AA98C00C7CB56 /* ImageSerum */ = {
			isa = PBXGroup;
			children = (
				BF160E991D5AA98C00C7CB56 /* ImageSerum.h */,
				BF160E9B1D5AA98C00C7CB56 /* Info.plist */,
				BF30FB5F1D5D1BEC0078CD80 /* ImageCache.swift */,
				BF30FB5D1D5D1B980078CD80 /* ImageManager.swift */,
				BFF082141D63BEEE00EBDCCF /* DownloadQueue.swift */,
				BFF082191D63D46E00EBDCCF /* DownloadManager.swift */,
			);
			path = ImageSerum;
			sourceTree = "<group>";
		};
		BF160EA41D5AA98C00C7CB56 /* ImageSerumTests */ = {
			isa = PBXGroup;
			children = (
				BF160EA71D5AA98C00C7CB56 /* Info.plist */,
				BFF082161D63CC2B00EBDCCF /* DownloadQueueTests.swift */,
			);
			path = ImageSerumTests;
			sourceTree = "<group>";
		};
		BFF081F11D62831C00EBDCCF /* com.dollarshaveclub.CommonCrypto */ = {
			isa = PBXGroup;
			children = (
				BFF081F21D62831C00EBDCCF /* com.dollarshaveclub.CommonCrypto.h */,
				BFF081F41D62831C00EBDCCF /* Info.plist */,
			);
			path = com.dollarshaveclub.CommonCrypto;
			sourceTree = "<group>";
		};
		BFF081FE1D62833600EBDCCF /* CommonCrypto */ = {
			isa = PBXGroup;
			children = (
				BFF082051D6283E400EBDCCF /* CommonCrypto.xcconfig */,
				BFF081FF1D62833600EBDCCF /* CommonCrypto.h */,
				BFF082011D62833600EBDCCF /* Info.plist */,
			);
			path = CommonCrypto;
			sourceTree = "<group>";
		};
/* End PBXGroup section */

/* Begin PBXHeadersBuildPhase section */
		BF160E931D5AA98C00C7CB56 /* Headers */ = {
			isa = PBXHeadersBuildPhase;
			buildActionMask = 2147483647;
			files = (
				BF160E9A1D5AA98C00C7CB56 /* ImageSerum.h in Headers */,
			);
			runOnlyForDeploymentPostprocessing = 0;
		};
		BFF081FA1D62833600EBDCCF /* Headers */ = {
			isa = PBXHeadersBuildPhase;
			buildActionMask = 2147483647;
			files = (
				BFF082001D62833600EBDCCF /* CommonCrypto.h in Headers */,
			);
			runOnlyForDeploymentPostprocessing = 0;
		};
/* End PBXHeadersBuildPhase section */

/* Begin PBXNativeTarget section */
		BF160E951D5AA98C00C7CB56 /* ImageSerum */ = {
			isa = PBXNativeTarget;
			buildConfigurationList = BF160EAA1D5AA98C00C7CB56 /* Build configuration list for PBXNativeTarget "ImageSerum" */;
			buildPhases = (
				BF160E911D5AA98C00C7CB56 /* Sources */,
				BF160E921D5AA98C00C7CB56 /* Frameworks */,
				BF160E931D5AA98C00C7CB56 /* Headers */,
				BF160E941D5AA98C00C7CB56 /* Resources */,
			);
			buildRules = (
			);
			dependencies = (
				BFF082071D6284C500EBDCCF /* PBXTargetDependency */,
			);
			name = ImageSerum;
			productName = ImageSerum;
			productReference = BF160E961D5AA98C00C7CB56 /* ImageSerum.framework */;
			productType = "com.apple.product-type.framework";
		};
		BF160E9F1D5AA98C00C7CB56 /* ImageSerumTests */ = {
			isa = PBXNativeTarget;
			buildConfigurationList = BF160EAD1D5AA98C00C7CB56 /* Build configuration list for PBXNativeTarget "ImageSerumTests" */;
			buildPhases = (
				BF160E9C1D5AA98C00C7CB56 /* Sources */,
				BF160E9D1D5AA98C00C7CB56 /* Frameworks */,
				BF160E9E1D5AA98C00C7CB56 /* Resources */,
			);
			buildRules = (
			);
			dependencies = (
				BF160EA31D5AA98C00C7CB56 /* PBXTargetDependency */,
			);
			name = ImageSerumTests;
			productName = ImageSerumTests;
			productReference = BF160EA01D5AA98C00C7CB56 /* ImageSerumTests.xctest */;
			productType = "com.apple.product-type.bundle.unit-test";
		};
		BFF081FC1D62833600EBDCCF /* CommonCrypto */ = {
			isa = PBXNativeTarget;
			buildConfigurationList = BFF082021D62833600EBDCCF /* Build configuration list for PBXNativeTarget "CommonCrypto" */;
			buildPhases = (
				BFF081F81D62833600EBDCCF /* Sources */,
				BFF081F91D62833600EBDCCF /* Frameworks */,
				BFF081FA1D62833600EBDCCF /* Headers */,
				BFF081FB1D62833600EBDCCF /* Resources */,
			);
			buildRules = (
			);
			dependencies = (
			);
			name = CommonCrypto;
			productName = CommonCrypto;
			productReference = BFF081FD1D62833600EBDCCF /* CommonCrypto.framework */;
			productType = "com.apple.product-type.framework";
		};
/* End PBXNativeTarget section */

/* Begin PBXProject section */
		BF160E8D1D5AA98C00C7CB56 /* Project object */ = {
			isa = PBXProject;
			attributes = {
				LastSwiftUpdateCheck = 0730;
				LastUpgradeCheck = 0810;
				ORGANIZATIONNAME = "Dollar Shave Club";
				TargetAttributes = {
					BF160E951D5AA98C00C7CB56 = {
						CreatedOnToolsVersion = 7.3;
						LastSwiftMigration = 0810;
					};
					BF160E9F1D5AA98C00C7CB56 = {
						CreatedOnToolsVersion = 7.3;
						LastSwiftMigration = 0810;
					};
					BFF081FC1D62833600EBDCCF = {
						CreatedOnToolsVersion = 7.3;
					};
				};
			};
			buildConfigurationList = BF160E901D5AA98C00C7CB56 /* Build configuration list for PBXProject "ImageSerum" */;
			compatibilityVersion = "Xcode 3.2";
			developmentRegion = English;
			hasScannedForEncodings = 0;
			knownRegions = (
				en,
			);
			mainGroup = BF160E8C1D5AA98C00C7CB56;
			productRefGroup = BF160E971D5AA98C00C7CB56 /* Products */;
			projectDirPath = "";
			projectRoot = "";
			targets = (
				BF160E951D5AA98C00C7CB56 /* ImageSerum */,
				BF160E9F1D5AA98C00C7CB56 /* ImageSerumTests */,
				BFF081FC1D62833600EBDCCF /* CommonCrypto */,
			);
		};
/* End PBXProject section */

/* Begin PBXResourcesBuildPhase section */
		BF160E941D5AA98C00C7CB56 /* Resources */ = {
			isa = PBXResourcesBuildPhase;
			buildActionMask = 2147483647;
			files = (
			);
			runOnlyForDeploymentPostprocessing = 0;
		};
		BF160E9E1D5AA98C00C7CB56 /* Resources */ = {
			isa = PBXResourcesBuildPhase;
			buildActionMask = 2147483647;
			files = (
			);
			runOnlyForDeploymentPostprocessing = 0;
		};
		BFF081FB1D62833600EBDCCF /* Resources */ = {
			isa = PBXResourcesBuildPhase;
			buildActionMask = 2147483647;
			files = (
			);
			runOnlyForDeploymentPostprocessing = 0;
		};
/* End PBXResourcesBuildPhase section */

/* Begin PBXSourcesBuildPhase section */
		BF160E911D5AA98C00C7CB56 /* Sources */ = {
			isa = PBXSourcesBuildPhase;
			buildActionMask = 2147483647;
			files = (
				BF30FB601D5D1BEC0078CD80 /* ImageCache.swift in Sources */,
				BFF082151D63BEEE00EBDCCF /* DownloadQueue.swift in Sources */,
				BF30FB5E1D5D1B980078CD80 /* ImageManager.swift in Sources */,
				BFF0821A1D63D46E00EBDCCF /* DownloadManager.swift in Sources */,
			);
			runOnlyForDeploymentPostprocessing = 0;
		};
		BF160E9C1D5AA98C00C7CB56 /* Sources */ = {
			isa = PBXSourcesBuildPhase;
			buildActionMask = 2147483647;
			files = (
				BFF082181D63CC3600EBDCCF /* DownloadQueue.swift in Sources */,
				BFF082121D62FCC400EBDCCF /* ImageManager.swift in Sources */,
				BFF082171D63CC2B00EBDCCF /* DownloadQueueTests.swift in Sources */,
				BFF082111D62FCC100EBDCCF /* ImageCache.swift in Sources */,
				BF8AE2A21D6B8ACD00016F42 /* DownloadManager.swift in Sources */,
			);
			runOnlyForDeploymentPostprocessing = 0;
		};
		BFF081F81D62833600EBDCCF /* Sources */ = {
			isa = PBXSourcesBuildPhase;
			buildActionMask = 2147483647;
			files = (
			);
			runOnlyForDeploymentPostprocessing = 0;
		};
/* End PBXSourcesBuildPhase section */

/* Begin PBXTargetDependency section */
		BF160EA31D5AA98C00C7CB56 /* PBXTargetDependency */ = {
			isa = PBXTargetDependency;
			target = BF160E951D5AA98C00C7CB56 /* ImageSerum */;
			targetProxy = BF160EA21D5AA98C00C7CB56 /* PBXContainerItemProxy */;
		};
		BFF082071D6284C500EBDCCF /* PBXTargetDependency */ = {
			isa = PBXTargetDependency;
			target = BFF081FC1D62833600EBDCCF /* CommonCrypto */;
			targetProxy = BFF082061D6284C500EBDCCF /* PBXContainerItemProxy */;
		};
/* End PBXTargetDependency section */

/* Begin XCBuildConfiguration section */
		BF160EA81D5AA98C00C7CB56 /* Debug */ = {
			isa = XCBuildConfiguration;
			buildSettings = {
				ALWAYS_SEARCH_USER_PATHS = NO;
				CLANG_ANALYZER_NONNULL = YES;
				CLANG_CXX_LANGUAGE_STANDARD = "gnu++0x";
				CLANG_CXX_LIBRARY = "libc++";
				CLANG_ENABLE_MODULES = YES;
				CLANG_ENABLE_OBJC_ARC = YES;
				CLANG_WARN_BOOL_CONVERSION = YES;
				CLANG_WARN_CONSTANT_CONVERSION = YES;
				CLANG_WARN_DIRECT_OBJC_ISA_USAGE = YES_ERROR;
				CLANG_WARN_EMPTY_BODY = YES;
				CLANG_WARN_ENUM_CONVERSION = YES;
				CLANG_WARN_INFINITE_RECURSION = YES;
				CLANG_WARN_INT_CONVERSION = YES;
				CLANG_WARN_OBJC_ROOT_CLASS = YES_ERROR;
				CLANG_WARN_SUSPICIOUS_MOVE = YES;
				CLANG_WARN_UNREACHABLE_CODE = YES;
				CLANG_WARN__DUPLICATE_METHOD_MATCH = YES;
				"CODE_SIGN_IDENTITY[sdk=iphoneos*]" = "iPhone Developer";
				COPY_PHASE_STRIP = NO;
				CURRENT_PROJECT_VERSION = 1;
				DEBUG_INFORMATION_FORMAT = dwarf;
				ENABLE_STRICT_OBJC_MSGSEND = YES;
				ENABLE_TESTABILITY = YES;
				GCC_C_LANGUAGE_STANDARD = gnu99;
				GCC_DYNAMIC_NO_PIC = NO;
				GCC_NO_COMMON_BLOCKS = YES;
				GCC_OPTIMIZATION_LEVEL = 0;
				GCC_PREPROCESSOR_DEFINITIONS = (
					"DEBUG=1",
					"$(inherited)",
				);
				GCC_WARN_64_TO_32_BIT_CONVERSION = YES;
				GCC_WARN_ABOUT_RETURN_TYPE = YES_ERROR;
				GCC_WARN_UNDECLARED_SELECTOR = YES;
				GCC_WARN_UNINITIALIZED_AUTOS = YES_AGGRESSIVE;
				GCC_WARN_UNUSED_FUNCTION = YES;
				GCC_WARN_UNUSED_VARIABLE = YES;
				IPHONEOS_DEPLOYMENT_TARGET = 9.3;
				MTL_ENABLE_DEBUG_INFO = YES;
				ONLY_ACTIVE_ARCH = YES;
				SDKROOT = iphoneos;
				SWIFT_OPTIMIZATION_LEVEL = "-Onone";
				TARGETED_DEVICE_FAMILY = "1,2";
				VERSIONING_SYSTEM = "apple-generic";
				VERSION_INFO_PREFIX = "";
			};
			name = Debug;
		};
		BF160EA91D5AA98C00C7CB56 /* Release */ = {
			isa = XCBuildConfiguration;
			buildSettings = {
				ALWAYS_SEARCH_USER_PATHS = NO;
				CLANG_ANALYZER_NONNULL = YES;
				CLANG_CXX_LANGUAGE_STANDARD = "gnu++0x";
				CLANG_CXX_LIBRARY = "libc++";
				CLANG_ENABLE_MODULES = YES;
				CLANG_ENABLE_OBJC_ARC = YES;
				CLANG_WARN_BOOL_CONVERSION = YES;
				CLANG_WARN_CONSTANT_CONVERSION = YES;
				CLANG_WARN_DIRECT_OBJC_ISA_USAGE = YES_ERROR;
				CLANG_WARN_EMPTY_BODY = YES;
				CLANG_WARN_ENUM_CONVERSION = YES;
				CLANG_WARN_INFINITE_RECURSION = YES;
				CLANG_WARN_INT_CONVERSION = YES;
				CLANG_WARN_OBJC_ROOT_CLASS = YES_ERROR;
				CLANG_WARN_SUSPICIOUS_MOVE = YES;
				CLANG_WARN_UNREACHABLE_CODE = YES;
				CLANG_WARN__DUPLICATE_METHOD_MATCH = YES;
				"CODE_SIGN_IDENTITY[sdk=iphoneos*]" = "iPhone Developer";
				COPY_PHASE_STRIP = NO;
				CURRENT_PROJECT_VERSION = 1;
				DEBUG_INFORMATION_FORMAT = "dwarf-with-dsym";
				ENABLE_NS_ASSERTIONS = NO;
				ENABLE_STRICT_OBJC_MSGSEND = YES;
				GCC_C_LANGUAGE_STANDARD = gnu99;
				GCC_NO_COMMON_BLOCKS = YES;
				GCC_WARN_64_TO_32_BIT_CONVERSION = YES;
				GCC_WARN_ABOUT_RETURN_TYPE = YES_ERROR;
				GCC_WARN_UNDECLARED_SELECTOR = YES;
				GCC_WARN_UNINITIALIZED_AUTOS = YES_AGGRESSIVE;
				GCC_WARN_UNUSED_FUNCTION = YES;
				GCC_WARN_UNUSED_VARIABLE = YES;
				IPHONEOS_DEPLOYMENT_TARGET = 9.3;
				MTL_ENABLE_DEBUG_INFO = NO;
				SDKROOT = iphoneos;
				SWIFT_OPTIMIZATION_LEVEL = "-Owholemodule";
				TARGETED_DEVICE_FAMILY = "1,2";
				VALIDATE_PRODUCT = YES;
				VERSIONING_SYSTEM = "apple-generic";
				VERSION_INFO_PREFIX = "";
			};
			name = Release;
		};
		BF160EAB1D5AA98C00C7CB56 /* Debug */ = {
			isa = XCBuildConfiguration;
			buildSettings = {
				CLANG_ENABLE_MODULES = YES;
				"CODE_SIGN_IDENTITY[sdk=iphoneos*]" = "";
				DEFINES_MODULE = YES;
				DYLIB_COMPATIBILITY_VERSION = 1;
				DYLIB_CURRENT_VERSION = 1;
				DYLIB_INSTALL_NAME_BASE = "@rpath";
				INFOPLIST_FILE = ImageSerum/Info.plist;
				INSTALL_PATH = "$(LOCAL_LIBRARY_DIR)/Frameworks";
				LD_RUNPATH_SEARCH_PATHS = "$(inherited) @executable_path/Frameworks @loader_path/Frameworks";
				PRODUCT_BUNDLE_IDENTIFIER = com.dollarshaveclub.ImageSerum;
				PRODUCT_NAME = "$(TARGET_NAME)";
				SKIP_INSTALL = YES;
				SWIFT_INCLUDE_PATHS = CommonCrypto;
				SWIFT_OPTIMIZATION_LEVEL = "-Onone";
				SWIFT_VERSION = 3.0;
			};
			name = Debug;
		};
		BF160EAC1D5AA98C00C7CB56 /* Release */ = {
			isa = XCBuildConfiguration;
			buildSettings = {
				CLANG_ENABLE_MODULES = YES;
				"CODE_SIGN_IDENTITY[sdk=iphoneos*]" = "";
				DEFINES_MODULE = YES;
				DYLIB_COMPATIBILITY_VERSION = 1;
				DYLIB_CURRENT_VERSION = 1;
				DYLIB_INSTALL_NAME_BASE = "@rpath";
				INFOPLIST_FILE = ImageSerum/Info.plist;
				INSTALL_PATH = "$(LOCAL_LIBRARY_DIR)/Frameworks";
				LD_RUNPATH_SEARCH_PATHS = "$(inherited) @executable_path/Frameworks @loader_path/Frameworks";
				PRODUCT_BUNDLE_IDENTIFIER = com.dollarshaveclub.ImageSerum;
				PRODUCT_NAME = "$(TARGET_NAME)";
				SKIP_INSTALL = YES;
				SWIFT_INCLUDE_PATHS = CommonCrypto;
				SWIFT_VERSION = 3.0;
			};
			name = Release;
		};
		BF160EAE1D5AA98C00C7CB56 /* Debug */ = {
			isa = XCBuildConfiguration;
			buildSettings = {
				INFOPLIST_FILE = ImageSerumTests/Info.plist;
				LD_RUNPATH_SEARCH_PATHS = "$(inherited) @executable_path/Frameworks @loader_path/Frameworks";
				PRODUCT_BUNDLE_IDENTIFIER = com.dollarshaveclub.ImageSerumTests;
				PRODUCT_NAME = "$(TARGET_NAME)";
				SWIFT_VERSION = 3.0;
			};
			name = Debug;
		};
		BF160EAF1D5AA98C00C7CB56 /* Release */ = {
			isa = XCBuildConfiguration;
			buildSettings = {
				INFOPLIST_FILE = ImageSerumTests/Info.plist;
				LD_RUNPATH_SEARCH_PATHS = "$(inherited) @executable_path/Frameworks @loader_path/Frameworks";
				PRODUCT_BUNDLE_IDENTIFIER = com.dollarshaveclub.ImageSerumTests;
				PRODUCT_NAME = "$(TARGET_NAME)";
				SWIFT_VERSION = 3.0;
			};
			name = Release;
		};
		BFF082031D62833600EBDCCF /* Debug */ = {
			isa = XCBuildConfiguration;
			baseConfigurationReference = BFF082051D6283E400EBDCCF /* CommonCrypto.xcconfig */;
			buildSettings = {
				"CODE_SIGN_IDENTITY[sdk=iphoneos*]" = "";
				DEFINES_MODULE = YES;
				DYLIB_COMPATIBILITY_VERSION = 1;
				DYLIB_CURRENT_VERSION = 1;
				DYLIB_INSTALL_NAME_BASE = "@rpath";
				INFOPLIST_FILE = CommonCrypto/Info.plist;
				INSTALL_PATH = "$(LOCAL_LIBRARY_DIR)/Frameworks";
				LD_RUNPATH_SEARCH_PATHS = "$(inherited) @executable_path/Frameworks @loader_path/Frameworks";
				PRODUCT_BUNDLE_IDENTIFIER = com.dollarshaveclub.CommonCrypto.CommonCrypto;
				PRODUCT_NAME = "$(TARGET_NAME)";
				SKIP_INSTALL = YES;
			};
			name = Debug;
		};
		BFF082041D62833600EBDCCF /* Release */ = {
			isa = XCBuildConfiguration;
			baseConfigurationReference = BFF082051D6283E400EBDCCF /* CommonCrypto.xcconfig */;
			buildSettings = {
				"CODE_SIGN_IDENTITY[sdk=iphoneos*]" = "";
				DEFINES_MODULE = YES;
				DYLIB_COMPATIBILITY_VERSION = 1;
				DYLIB_CURRENT_VERSION = 1;
				DYLIB_INSTALL_NAME_BASE = "@rpath";
				INFOPLIST_FILE = CommonCrypto/Info.plist;
				INSTALL_PATH = "$(LOCAL_LIBRARY_DIR)/Frameworks";
				LD_RUNPATH_SEARCH_PATHS = "$(inherited) @executable_path/Frameworks @loader_path/Frameworks";
				PRODUCT_BUNDLE_IDENTIFIER = com.dollarshaveclub.CommonCrypto.CommonCrypto;
				PRODUCT_NAME = "$(TARGET_NAME)";
				SKIP_INSTALL = YES;
			};
			name = Release;
		};
/* End XCBuildConfiguration section */

/* Begin XCConfigurationList section */
		BF160E901D5AA98C00C7CB56 /* Build configuration list for PBXProject "ImageSerum" */ = {
			isa = XCConfigurationList;
			buildConfigurations = (
				BF160EA81D5AA98C00C7CB56 /* Debug */,
				BF160EA91D5AA98C00C7CB56 /* Release */,
			);
			defaultConfigurationIsVisible = 0;
			defaultConfigurationName = Release;
		};
		BF160EAA1D5AA98C00C7CB56 /* Build configuration list for PBXNativeTarget "ImageSerum" */ = {
			isa = XCConfigurationList;
			buildConfigurations = (
				BF160EAB1D5AA98C00C7CB56 /* Debug */,
				BF160EAC1D5AA98C00C7CB56 /* Release */,
			);
			defaultConfigurationIsVisible = 0;
			defaultConfigurationName = Release;
		};
		BF160EAD1D5AA98C00C7CB56 /* Build configuration list for PBXNativeTarget "ImageSerumTests" */ = {
			isa = XCConfigurationList;
			buildConfigurations = (
				BF160EAE1D5AA98C00C7CB56 /* Debug */,
				BF160EAF1D5AA98C00C7CB56 /* Release */,
			);
			defaultConfigurationIsVisible = 0;
			defaultConfigurationName = Release;
		};
		BFF082021D62833600EBDCCF /* Build configuration list for PBXNativeTarget "CommonCrypto" */ = {
			isa = XCConfigurationList;
			buildConfigurations = (
				BFF082031D62833600EBDCCF /* Debug */,
				BFF082041D62833600EBDCCF /* Release */,
			);
			defaultConfigurationIsVisible = 0;
			defaultConfigurationName = Release;
		};
/* End XCConfigurationList section */
	};
	rootObject = BF160E8D1D5AA98C00C7CB56 /* Project object */;
}
